
Microsoft Visual Studio Solution File, Format Version 12.00
# Visual Studio Version 17
VisualStudioVersion = 17.0.31903.59
MinimumVisualStudioVersion = 10.0.40219.1
Project("{FAE04EC0-301F-11D3-BF4B-00C04F79EFBC}") = "ExcelImportExport", "src\ExcelImportExport.csproj", "{5AD7C6F4-30DB-4A9E-9690-47EE00FAC6D4}"
EndProject
Project("{FAE04EC0-301F-11D3-BF4B-00C04F79EFBC}") = "ExcelImportExport.Tests", "tests\ExcelImportExport.Tests.csproj", "{DBAB88CB-6563-4CAF-B61E-272EC3B4ABBE}"
EndProject
Global
	GlobalSection(SolutionConfigurationPlatforms) = preSolution
		Debug|Any CPU = Debug|Any CPU
		Release|Any CPU = Release|Any CPU
	EndGlobalSection
	GlobalSection(SolutionProperties) = preSolution
		HideSolutionNode = FALSE
	EndGlobalSection
	GlobalSection(ProjectConfigurationPlatforms) = postSolution
		{5AD7C6F4-30DB-4A9E-9690-47EE00FAC6D4}.Debug|Any CPU.ActiveCfg = Debug|Any CPU
		{5AD7C6F4-30DB-4A9E-9690-47EE00FAC6D4}.Debug|Any CPU.Build.0 = Debug|Any CPU
		{5AD7C6F4-30DB-4A9E-9690-47EE00FAC6D4}.Release|Any CPU.ActiveCfg = Release|Any CPU
		{5AD7C6F4-30DB-4A9E-9690-47EE00FAC6D4}.Release|Any CPU.Build.0 = Release|Any CPU
		{DBAB88CB-6563-4CAF-B61E-272EC3B4ABBE}.Debug|Any CPU.ActiveCfg = Debug|Any CPU
		{DBAB88CB-6563-4CAF-B61E-272EC3B4ABBE}.Debug|Any CPU.Build.0 = Debug|Any CPU
		{DBAB88CB-6563-4CAF-B61E-272EC3B4ABBE}.Release|Any CPU.ActiveCfg = Release|Any CPU
		{DBAB88CB-6563-4CAF-B61E-272EC3B4ABBE}.Release|Any CPU.Build.0 = Release|Any CPU
	EndGlobalSection
EndGlobal
